
Microsoft Visual Studio Solution File, Format Version 12.00
# Visual Studio Version 17
VisualStudioVersion = 17.10.35027.167
MinimumVisualStudioVersion = 10.0.40219.1
Project("{FAE04EC0-301F-11D3-BF4B-00C04F79EFBC}") = "MagicConry", "MagicConry\MagicConry.csproj", "{3F7751F1-4718-4F2F-A507-0F12AD2ECCCC}"
EndProject
Global
	GlobalSection(SolutionConfigurationPlatforms) = preSolution
		Debug|Any CPU = Debug|Any CPU
		Release|Any CPU = Release|Any CPU
	EndGlobalSection
	GlobalSection(ProjectConfigurationPlatforms) = postSolution
		{3F7751F1-4718-4F2F-A507-0F12AD2ECCCC}.Debug|Any CPU.ActiveCfg = Debug|Any CPU
		{3F7751F1-4718-4F2F-A507-0F12AD2ECCCC}.Debug|Any CPU.Build.0 = Debug|Any CPU
		{3F7751F1-4718-4F2F-A507-0F12AD2ECCCC}.Release|Any CPU.ActiveCfg = Release|Any CPU
		{3F7751F1-4718-4F2F-A507-0F12AD2ECCCC}.Release|Any CPU.Build.0 = Release|Any CPU
	EndGlobalSection
	GlobalSection(SolutionProperties) = preSolution
		HideSolutionNode = FALSE
	EndGlobalSection
	GlobalSection(ExtensibilityGlobals) = postSolution
		SolutionGuid = {D3579EE1-99BB-44D5-B2BE-67E40FCA0C09}
	EndGlobalSection
EndGlobal
